
Microsoft Visual Studio Solution File, Format Version 12.00
# Visual Studio Version 16
VisualStudioVersion = 16.0.31321.278
MinimumVisualStudioVersion = 10.0.40219.1
Project("{FAE04EC0-301F-11D3-BF4B-00C04F79EFBC}") = "pop10", "pop10\pop10.csproj", "{7FFBAF54-ECB3-42AF-B91B-4970A907C730}"
EndProject
Global
	GlobalSection(SolutionConfigurationPlatforms) = preSolution
		Debug|Any CPU = Debug|Any CPU
		Release|Any CPU = Release|Any CPU
	EndGlobalSection
	GlobalSection(ProjectConfigurationPlatforms) = postSolution
		{7FFBAF54-ECB3-42AF-B91B-4970A907C730}.Debug|Any CPU.ActiveCfg = Debug|Any CPU
		{7FFBAF54-ECB3-42AF-B91B-4970A907C730}.Debug|Any CPU.Build.0 = Debug|Any CPU
		{7FFBAF54-ECB3-42AF-B91B-4970A907C730}.Release|Any CPU.ActiveCfg = Release|Any CPU
		{7FFBAF54-ECB3-42AF-B91B-4970A907C730}.Release|Any CPU.Build.0 = Release|Any CPU
	EndGlobalSection
	GlobalSection(SolutionProperties) = preSolution
		HideSolutionNode = FALSE
	EndGlobalSection
	GlobalSection(ExtensibilityGlobals) = postSolution
		SolutionGuid = {ECFF2145-467F-4576-9CD4-11B76AFE9F8F}
	EndGlobalSection
EndGlobal
